// !$*UTF8*$!
{
	archiveVersion = 1;
	classes = {
	};
	objectVersion = 50;
	objects = {

/* Begin PBXBuildFile section */
		1809C51A24C1B44100DB9A1F /* DetailNewsVC.swift in Sources */ = {isa = PBXBuildFile; fileRef = 1809C51924C1B44100DB9A1F /* DetailNewsVC.swift */; };
		1809C51C24C1B68F00DB9A1F /* UIView+Ext.swift in Sources */ = {isa = PBXBuildFile; fileRef = 1809C51B24C1B68F00DB9A1F /* UIView+Ext.swift */; };
		1809C51E24C1C2CE00DB9A1F /* ArticleBodyLabel.swift in Sources */ = {isa = PBXBuildFile; fileRef = 1809C51D24C1C2CE00DB9A1F /* ArticleBodyLabel.swift */; };
		1829CFB424C053AC001295C4 /* AppDelegate.swift in Sources */ = {isa = PBXBuildFile; fileRef = 1829CFB324C053AC001295C4 /* AppDelegate.swift */; };
		1829CFB624C053AC001295C4 /* SceneDelegate.swift in Sources */ = {isa = PBXBuildFile; fileRef = 1829CFB524C053AC001295C4 /* SceneDelegate.swift */; };
		1829CFBD24C053B0001295C4 /* Assets.xcassets in Resources */ = {isa = PBXBuildFile; fileRef = 1829CFBC24C053B0001295C4 /* Assets.xcassets */; };
		1829CFC024C053B0001295C4 /* LaunchScreen.storyboard in Resources */ = {isa = PBXBuildFile; fileRef = 1829CFBE24C053B0001295C4 /* LaunchScreen.storyboard */; };
		1829CFC924C05477001295C4 /* NewsTabBarController.swift in Sources */ = {isa = PBXBuildFile; fileRef = 1829CFC824C05477001295C4 /* NewsTabBarController.swift */; };
		1829CFCC24C054FF001295C4 /* TopNewsVC.swift in Sources */ = {isa = PBXBuildFile; fileRef = 1829CFCB24C054FF001295C4 /* TopNewsVC.swift */; };
		1829CFCE24C05511001295C4 /* AllNewsVC.swift in Sources */ = {isa = PBXBuildFile; fileRef = 1829CFCD24C05511001295C4 /* AllNewsVC.swift */; };
		1829CFD224C055E6001295C4 /* SavedNewsVC.swift in Sources */ = {isa = PBXBuildFile; fileRef = 1829CFD124C055E6001295C4 /* SavedNewsVC.swift */; };
		1849EFED24C3A12E00B81182 /* PersistenceManager.swift in Sources */ = {isa = PBXBuildFile; fileRef = 1849EFEC24C3A12E00B81182 /* PersistenceManager.swift */; };
		1849EFEF24C3A2D800B81182 /* LinkButton.swift in Sources */ = {isa = PBXBuildFile; fileRef = 1849EFEE24C3A2D800B81182 /* LinkButton.swift */; };
		1849EFF124C3A5FD00B81182 /* UIViewController+Ext.swift in Sources */ = {isa = PBXBuildFile; fileRef = 1849EFF024C3A5FD00B81182 /* UIViewController+Ext.swift */; };
		1849EFF324C3A85200B81182 /* AlertVC.swift in Sources */ = {isa = PBXBuildFile; fileRef = 1849EFF224C3A85200B81182 /* AlertVC.swift */; };
		1849EFF524C3AC7200B81182 /* SavedArticleCell.swift in Sources */ = {isa = PBXBuildFile; fileRef = 1849EFF424C3AC7200B81182 /* SavedArticleCell.swift */; };
		1849EFF724C3AD6000B81182 /* UITableView+Ext.swift in Sources */ = {isa = PBXBuildFile; fileRef = 1849EFF624C3AD6000B81182 /* UITableView+Ext.swift */; };
		1880A3D324C05E2D00BB3121 /* NetworkManager.swift in Sources */ = {isa = PBXBuildFile; fileRef = 1880A3D224C05E2D00BB3121 /* NetworkManager.swift */; };
		1880A3D824C06B4600BB3121 /* NewsError.swift in Sources */ = {isa = PBXBuildFile; fileRef = 1880A3D724C06B4600BB3121 /* NewsError.swift */; };
		1880A3DA24C0767300BB3121 /* NewsModel.swift in Sources */ = {isa = PBXBuildFile; fileRef = 1880A3D924C0767300BB3121 /* NewsModel.swift */; };
		1880A3DD24C077FA00BB3121 /* UIHelper.swift in Sources */ = {isa = PBXBuildFile; fileRef = 1880A3DC24C077FA00BB3121 /* UIHelper.swift */; };
		1880A3E024C0809F00BB3121 /* ArticleImageView.swift in Sources */ = {isa = PBXBuildFile; fileRef = 1880A3DF24C0809F00BB3121 /* ArticleImageView.swift */; };
		1880A3E224C0822E00BB3121 /* ArticleTitleLabel.swift in Sources */ = {isa = PBXBuildFile; fileRef = 1880A3E124C0822E00BB3121 /* ArticleTitleLabel.swift */; };
		1880A3E524C0829B00BB3121 /* ArticleCell.swift in Sources */ = {isa = PBXBuildFile; fileRef = 1880A3E424C0829B00BB3121 /* ArticleCell.swift */; };
		18C66A2A24C3429200D01B5F /* Constants.swift in Sources */ = {isa = PBXBuildFile; fileRef = 18C66A2924C3429200D01B5F /* Constants.swift */; };
		18C66A2F24C3456900D01B5F /* DataLoadingVC.swift in Sources */ = {isa = PBXBuildFile; fileRef = 18C66A2E24C3456900D01B5F /* DataLoadingVC.swift */; };
		18C66A3124C3459500D01B5F /* EmptyStateView.swift in Sources */ = {isa = PBXBuildFile; fileRef = 18C66A3024C3459500D01B5F /* EmptyStateView.swift */; };
/* End PBXBuildFile section */

/* Begin PBXFileReference section */
		1809C51924C1B44100DB9A1F /* DetailNewsVC.swift */ = {isa = PBXFileReference; lastKnownFileType = sourcecode.swift; path = DetailNewsVC.swift; sourceTree = "<group>"; };
		1809C51B24C1B68F00DB9A1F /* UIView+Ext.swift */ = {isa = PBXFileReference; lastKnownFileType = sourcecode.swift; path = "UIView+Ext.swift"; sourceTree = "<group>"; };
		1809C51D24C1C2CE00DB9A1F /* ArticleBodyLabel.swift */ = {isa = PBXFileReference; lastKnownFileType = sourcecode.swift; path = ArticleBodyLabel.swift; sourceTree = "<group>"; };
		1829CFB024C053AC001295C4 /* Covid News.app */ = {isa = PBXFileReference; explicitFileType = wrapper.application; includeInIndex = 0; path = "Covid News.app"; sourceTree = BUILT_PRODUCTS_DIR; };
		1829CFB324C053AC001295C4 /* AppDelegate.swift */ = {isa = PBXFileReference; lastKnownFileType = sourcecode.swift; path = AppDelegate.swift; sourceTree = "<group>"; };
		1829CFB524C053AC001295C4 /* SceneDelegate.swift */ = {isa = PBXFileReference; lastKnownFileType = sourcecode.swift; path = SceneDelegate.swift; sourceTree = "<group>"; };
		1829CFBC24C053B0001295C4 /* Assets.xcassets */ = {isa = PBXFileReference; lastKnownFileType = folder.assetcatalog; path = Assets.xcassets; sourceTree = "<group>"; };
		1829CFBF24C053B0001295C4 /* Base */ = {isa = PBXFileReference; lastKnownFileType = file.storyboard; name = Base; path = Base.lproj/LaunchScreen.storyboard; sourceTree = "<group>"; };
		1829CFC124C053B0001295C4 /* Info.plist */ = {isa = PBXFileReference; lastKnownFileType = text.plist.xml; path = Info.plist; sourceTree = "<group>"; };
		1829CFC824C05477001295C4 /* NewsTabBarController.swift */ = {isa = PBXFileReference; lastKnownFileType = sourcecode.swift; path = NewsTabBarController.swift; sourceTree = "<group>"; };
		1829CFCB24C054FF001295C4 /* TopNewsVC.swift */ = {isa = PBXFileReference; lastKnownFileType = sourcecode.swift; path = TopNewsVC.swift; sourceTree = "<group>"; };
		1829CFCD24C05511001295C4 /* AllNewsVC.swift */ = {isa = PBXFileReference; lastKnownFileType = sourcecode.swift; path = AllNewsVC.swift; sourceTree = "<group>"; };
		1829CFD124C055E6001295C4 /* SavedNewsVC.swift */ = {isa = PBXFileReference; lastKnownFileType = sourcecode.swift; path = SavedNewsVC.swift; sourceTree = "<group>"; };
		1849EFEC24C3A12E00B81182 /* PersistenceManager.swift */ = {isa = PBXFileReference; lastKnownFileType = sourcecode.swift; path = PersistenceManager.swift; sourceTree = "<group>"; };
		1849EFEE24C3A2D800B81182 /* LinkButton.swift */ = {isa = PBXFileReference; lastKnownFileType = sourcecode.swift; path = LinkButton.swift; sourceTree = "<group>"; };
		1849EFF024C3A5FD00B81182 /* UIViewController+Ext.swift */ = {isa = PBXFileReference; lastKnownFileType = sourcecode.swift; path = "UIViewController+Ext.swift"; sourceTree = "<group>"; };
		1849EFF224C3A85200B81182 /* AlertVC.swift */ = {isa = PBXFileReference; lastKnownFileType = sourcecode.swift; path = AlertVC.swift; sourceTree = "<group>"; };
		1849EFF424C3AC7200B81182 /* SavedArticleCell.swift */ = {isa = PBXFileReference; lastKnownFileType = sourcecode.swift; path = SavedArticleCell.swift; sourceTree = "<group>"; };
		1849EFF624C3AD6000B81182 /* UITableView+Ext.swift */ = {isa = PBXFileReference; lastKnownFileType = sourcecode.swift; path = "UITableView+Ext.swift"; sourceTree = "<group>"; };
		1880A3D224C05E2D00BB3121 /* NetworkManager.swift */ = {isa = PBXFileReference; lastKnownFileType = sourcecode.swift; path = NetworkManager.swift; sourceTree = "<group>"; };
		1880A3D724C06B4600BB3121 /* NewsError.swift */ = {isa = PBXFileReference; lastKnownFileType = sourcecode.swift; path = NewsError.swift; sourceTree = "<group>"; };
		1880A3D924C0767300BB3121 /* NewsModel.swift */ = {isa = PBXFileReference; lastKnownFileType = sourcecode.swift; path = NewsModel.swift; sourceTree = "<group>"; };
		1880A3DC24C077FA00BB3121 /* UIHelper.swift */ = {isa = PBXFileReference; lastKnownFileType = sourcecode.swift; path = UIHelper.swift; sourceTree = "<group>"; };
		1880A3DF24C0809F00BB3121 /* ArticleImageView.swift */ = {isa = PBXFileReference; lastKnownFileType = sourcecode.swift; path = ArticleImageView.swift; sourceTree = "<group>"; };
		1880A3E124C0822E00BB3121 /* ArticleTitleLabel.swift */ = {isa = PBXFileReference; lastKnownFileType = sourcecode.swift; path = ArticleTitleLabel.swift; sourceTree = "<group>"; };
		1880A3E424C0829B00BB3121 /* ArticleCell.swift */ = {isa = PBXFileReference; lastKnownFileType = sourcecode.swift; path = ArticleCell.swift; sourceTree = "<group>"; };
		18C66A2924C3429200D01B5F /* Constants.swift */ = {isa = PBXFileReference; lastKnownFileType = sourcecode.swift; path = Constants.swift; sourceTree = "<group>"; };
		18C66A2E24C3456900D01B5F /* DataLoadingVC.swift */ = {isa = PBXFileReference; lastKnownFileType = sourcecode.swift; path = DataLoadingVC.swift; sourceTree = "<group>"; };
		18C66A3024C3459500D01B5F /* EmptyStateView.swift */ = {isa = PBXFileReference; lastKnownFileType = sourcecode.swift; path = EmptyStateView.swift; sourceTree = "<group>"; };
/* End PBXFileReference section */

/* Begin PBXFrameworksBuildPhase section */
		1829CFAD24C053AC001295C4 /* Frameworks */ = {
			isa = PBXFrameworksBuildPhase;
			buildActionMask = 2147483647;
			files = (
			);
			runOnlyForDeploymentPostprocessing = 0;
		};
/* End PBXFrameworksBuildPhase section */

/* Begin PBXGroup section */
		1829CFA724C053AC001295C4 = {
			isa = PBXGroup;
			children = (
				1829CFB224C053AC001295C4 /* NewsApp */,
				1829CFB124C053AC001295C4 /* Products */,
			);
			sourceTree = "<group>";
		};
		1829CFB124C053AC001295C4 /* Products */ = {
			isa = PBXGroup;
			children = (
				1829CFB024C053AC001295C4 /* Covid News.app */,
			);
			name = Products;
			sourceTree = "<group>";
		};
		1829CFB224C053AC001295C4 /* NewsApp */ = {
			isa = PBXGroup;
			children = (
				1829CFB324C053AC001295C4 /* AppDelegate.swift */,
				1829CFB524C053AC001295C4 /* SceneDelegate.swift */,
				1880A3DB24C077CC00BB3121 /* Utilities */,
				1880A3D124C05E0E00BB3121 /* Managers */,
				1880A3D424C0605300BB3121 /* Model */,
				1829CFC724C05436001295C4 /* Tabbar */,
				1829CFCA24C05496001295C4 /* Screens */,
				18C66A2D24C3453E00D01B5F /* HelperVCs */,
				1880A3E324C0826600BB3121 /* Cells */,
				1880A3DE24C0803F00BB3121 /* SubViews */,
				1829CFBC24C053B0001295C4 /* Assets.xcassets */,
				1829CFBE24C053B0001295C4 /* LaunchScreen.storyboard */,
				1829CFC124C053B0001295C4 /* Info.plist */,
			);
			path = NewsApp;
			sourceTree = "<group>";
		};
		1829CFC724C05436001295C4 /* Tabbar */ = {
			isa = PBXGroup;
			children = (
				1829CFC824C05477001295C4 /* NewsTabBarController.swift */,
			);
			path = Tabbar;
			sourceTree = "<group>";
		};
		1829CFCA24C05496001295C4 /* Screens */ = {
			isa = PBXGroup;
			children = (
				1829CFCB24C054FF001295C4 /* TopNewsVC.swift */,
				1829CFCD24C05511001295C4 /* AllNewsVC.swift */,
				1829CFD124C055E6001295C4 /* SavedNewsVC.swift */,
				1809C51924C1B44100DB9A1F /* DetailNewsVC.swift */,
			);
			path = Screens;
			sourceTree = "<group>";
		};
		1880A3D124C05E0E00BB3121 /* Managers */ = {
			isa = PBXGroup;
			children = (
				1880A3D224C05E2D00BB3121 /* NetworkManager.swift */,
				1880A3D724C06B4600BB3121 /* NewsError.swift */,
				1849EFEC24C3A12E00B81182 /* PersistenceManager.swift */,
			);
			path = Managers;
			sourceTree = "<group>";
		};
		1880A3D424C0605300BB3121 /* Model */ = {
			isa = PBXGroup;
			children = (
				1880A3D924C0767300BB3121 /* NewsModel.swift */,
			);
			path = Model;
			sourceTree = "<group>";
		};
		1880A3DB24C077CC00BB3121 /* Utilities */ = {
			isa = PBXGroup;
			children = (
				18C66A2924C3429200D01B5F /* Constants.swift */,
				1880A3DC24C077FA00BB3121 /* UIHelper.swift */,
				1809C51B24C1B68F00DB9A1F /* UIView+Ext.swift */,
				1849EFF024C3A5FD00B81182 /* UIViewController+Ext.swift */,
				1849EFF624C3AD6000B81182 /* UITableView+Ext.swift */,
			);
			path = Utilities;
			sourceTree = "<group>";
		};
		1880A3DE24C0803F00BB3121 /* SubViews */ = {
			isa = PBXGroup;
			children = (
				1880A3DF24C0809F00BB3121 /* ArticleImageView.swift */,
				1880A3E124C0822E00BB3121 /* ArticleTitleLabel.swift */,
				1809C51D24C1C2CE00DB9A1F /* ArticleBodyLabel.swift */,
				18C66A3024C3459500D01B5F /* EmptyStateView.swift */,
				1849EFEE24C3A2D800B81182 /* LinkButton.swift */,
			);
			path = SubViews;
			sourceTree = "<group>";
		};
		1880A3E324C0826600BB3121 /* Cells */ = {
			isa = PBXGroup;
			children = (
				1880A3E424C0829B00BB3121 /* ArticleCell.swift */,
				1849EFF424C3AC7200B81182 /* SavedArticleCell.swift */,
			);
			path = Cells;
			sourceTree = "<group>";
		};
		18C66A2D24C3453E00D01B5F /* HelperVCs */ = {
			isa = PBXGroup;
			children = (
				18C66A2E24C3456900D01B5F /* DataLoadingVC.swift */,
				1849EFF224C3A85200B81182 /* AlertVC.swift */,
			);
			path = HelperVCs;
			sourceTree = "<group>";
		};
/* End PBXGroup section */

/* Begin PBXNativeTarget section */
		1829CFAF24C053AC001295C4 /* NewsApp */ = {
			isa = PBXNativeTarget;
			buildConfigurationList = 1829CFC424C053B0001295C4 /* Build configuration list for PBXNativeTarget "NewsApp" */;
			buildPhases = (
				1829CFAC24C053AC001295C4 /* Sources */,
				1829CFAD24C053AC001295C4 /* Frameworks */,
				1829CFAE24C053AC001295C4 /* Resources */,
			);
			buildRules = (
			);
			dependencies = (
			);
			name = NewsApp;
			productName = AppleNews;
			productReference = 1829CFB024C053AC001295C4 /* Covid News.app */;
			productType = "com.apple.product-type.application";
		};
/* End PBXNativeTarget section */

/* Begin PBXProject section */
		1829CFA824C053AC001295C4 /* Project object */ = {
			isa = PBXProject;
			attributes = {
				LastSwiftUpdateCheck = 1150;
				LastUpgradeCheck = 1150;
				ORGANIZATIONNAME = somfish;
				TargetAttributes = {
					1829CFAF24C053AC001295C4 = {
						CreatedOnToolsVersion = 11.5;
					};
				};
			};
			buildConfigurationList = 1829CFAB24C053AC001295C4 /* Build configuration list for PBXProject "NewsApp" */;
			compatibilityVersion = "Xcode 9.3";
			developmentRegion = en;
			hasScannedForEncodings = 0;
			knownRegions = (
				en,
				Base,
			);
			mainGroup = 1829CFA724C053AC001295C4;
			productRefGroup = 1829CFB124C053AC001295C4 /* Products */;
			projectDirPath = "";
			projectRoot = "";
			targets = (
				1829CFAF24C053AC001295C4 /* NewsApp */,
			);
		};
/* End PBXProject section */

/* Begin PBXResourcesBuildPhase section */
		1829CFAE24C053AC001295C4 /* Resources */ = {
			isa = PBXResourcesBuildPhase;
			buildActionMask = 2147483647;
			files = (
				1829CFC024C053B0001295C4 /* LaunchScreen.storyboard in Resources */,
				1829CFBD24C053B0001295C4 /* Assets.xcassets in Resources */,
			);
			runOnlyForDeploymentPostprocessing = 0;
		};
/* End PBXResourcesBuildPhase section */

/* Begin PBXSourcesBuildPhase section */
		1829CFAC24C053AC001295C4 /* Sources */ = {
			isa = PBXSourcesBuildPhase;
			buildActionMask = 2147483647;
			files = (
				1880A3E224C0822E00BB3121 /* ArticleTitleLabel.swift in Sources */,
				18C66A3124C3459500D01B5F /* EmptyStateView.swift in Sources */,
				1849EFF324C3A85200B81182 /* AlertVC.swift in Sources */,
				18C66A2A24C3429200D01B5F /* Constants.swift in Sources */,
				1849EFEF24C3A2D800B81182 /* LinkButton.swift in Sources */,
				1829CFB424C053AC001295C4 /* AppDelegate.swift in Sources */,
				1880A3D824C06B4600BB3121 /* NewsError.swift in Sources */,
				1849EFF724C3AD6000B81182 /* UITableView+Ext.swift in Sources */,
				1829CFC924C05477001295C4 /* NewsTabBarController.swift in Sources */,
				1849EFF524C3AC7200B81182 /* SavedArticleCell.swift in Sources */,
				1880A3DD24C077FA00BB3121 /* UIHelper.swift in Sources */,
				1809C51C24C1B68F00DB9A1F /* UIView+Ext.swift in Sources */,
				1829CFCE24C05511001295C4 /* AllNewsVC.swift in Sources */,
				1880A3E024C0809F00BB3121 /* ArticleImageView.swift in Sources */,
				1880A3E524C0829B00BB3121 /* ArticleCell.swift in Sources */,
				1849EFED24C3A12E00B81182 /* PersistenceManager.swift in Sources */,
				1880A3DA24C0767300BB3121 /* NewsModel.swift in Sources */,
				1849EFF124C3A5FD00B81182 /* UIViewController+Ext.swift in Sources */,
				18C66A2F24C3456900D01B5F /* DataLoadingVC.swift in Sources */,
				1809C51A24C1B44100DB9A1F /* DetailNewsVC.swift in Sources */,
				1880A3D324C05E2D00BB3121 /* NetworkManager.swift in Sources */,
				1809C51E24C1C2CE00DB9A1F /* ArticleBodyLabel.swift in Sources */,
				1829CFD224C055E6001295C4 /* SavedNewsVC.swift in Sources */,
				1829CFB624C053AC001295C4 /* SceneDelegate.swift in Sources */,
				1829CFCC24C054FF001295C4 /* TopNewsVC.swift in Sources */,
			);
			runOnlyForDeploymentPostprocessing = 0;
		};
/* End PBXSourcesBuildPhase section */

/* Begin PBXVariantGroup section */
		1829CFBE24C053B0001295C4 /* LaunchScreen.storyboard */ = {
			isa = PBXVariantGroup;
			children = (
				1829CFBF24C053B0001295C4 /* Base */,
			);
			name = LaunchScreen.storyboard;
			sourceTree = "<group>";
		};
/* End PBXVariantGroup section */

/* Begin XCBuildConfiguration section */
		1829CFC224C053B0001295C4 /* Debug */ = {
			isa = XCBuildConfiguration;
			buildSettings = {
				ALWAYS_SEARCH_USER_PATHS = NO;
				CLANG_ANALYZER_NONNULL = YES;
				CLANG_ANALYZER_NUMBER_OBJECT_CONVERSION = YES_AGGRESSIVE;
				CLANG_CXX_LANGUAGE_STANDARD = "gnu++14";
				CLANG_CXX_LIBRARY = "libc++";
				CLANG_ENABLE_MODULES = YES;
				CLANG_ENABLE_OBJC_ARC = YES;
				CLANG_ENABLE_OBJC_WEAK = YES;
				CLANG_WARN_BLOCK_CAPTURE_AUTORELEASING = YES;
				CLANG_WARN_BOOL_CONVERSION = YES;
				CLANG_WARN_COMMA = YES;
				CLANG_WARN_CONSTANT_CONVERSION = YES;
				CLANG_WARN_DEPRECATED_OBJC_IMPLEMENTATIONS = YES;
				CLANG_WARN_DIRECT_OBJC_ISA_USAGE = YES_ERROR;
				CLANG_WARN_DOCUMENTATION_COMMENTS = YES;
				CLANG_WARN_EMPTY_BODY = YES;
				CLANG_WARN_ENUM_CONVERSION = YES;
				CLANG_WARN_INFINITE_RECURSION = YES;
				CLANG_WARN_INT_CONVERSION = YES;
				CLANG_WARN_NON_LITERAL_NULL_CONVERSION = YES;
				CLANG_WARN_OBJC_IMPLICIT_RETAIN_SELF = YES;
				CLANG_WARN_OBJC_LITERAL_CONVERSION = YES;
				CLANG_WARN_OBJC_ROOT_CLASS = YES_ERROR;
				CLANG_WARN_RANGE_LOOP_ANALYSIS = YES;
				CLANG_WARN_STRICT_PROTOTYPES = YES;
				CLANG_WARN_SUSPICIOUS_MOVE = YES;
				CLANG_WARN_UNGUARDED_AVAILABILITY = YES_AGGRESSIVE;
				CLANG_WARN_UNREACHABLE_CODE = YES;
				CLANG_WARN__DUPLICATE_METHOD_MATCH = YES;
				COPY_PHASE_STRIP = NO;
				DEBUG_INFORMATION_FORMAT = dwarf;
				ENABLE_STRICT_OBJC_MSGSEND = YES;
				ENABLE_TESTABILITY = YES;
				GCC_C_LANGUAGE_STANDARD = gnu11;
				GCC_DYNAMIC_NO_PIC = NO;
				GCC_NO_COMMON_BLOCKS = YES;
				GCC_OPTIMIZATION_LEVEL = 0;
				GCC_PREPROCESSOR_DEFINITIONS = (
					"DEBUG=1",
					"$(inherited)",
				);
				GCC_WARN_64_TO_32_BIT_CONVERSION = YES;
				GCC_WARN_ABOUT_RETURN_TYPE = YES_ERROR;
				GCC_WARN_UNDECLARED_SELECTOR = YES;
				GCC_WARN_UNINITIALIZED_AUTOS = YES_AGGRESSIVE;
				GCC_WARN_UNUSED_FUNCTION = YES;
				GCC_WARN_UNUSED_VARIABLE = YES;
				IPHONEOS_DEPLOYMENT_TARGET = 13.0;
				MTL_ENABLE_DEBUG_INFO = INCLUDE_SOURCE;
				MTL_FAST_MATH = YES;
				ONLY_ACTIVE_ARCH = YES;
				SDKROOT = iphoneos;
				SWIFT_ACTIVE_COMPILATION_CONDITIONS = DEBUG;
				SWIFT_OPTIMIZATION_LEVEL = "-Onone";
			};
			name = Debug;
		};
		1829CFC324C053B0001295C4 /* Release */ = {
			isa = XCBuildConfiguration;
			buildSettings = {
				ALWAYS_SEARCH_USER_PATHS = NO;
				CLANG_ANALYZER_NONNULL = YES;
				CLANG_ANALYZER_NUMBER_OBJECT_CONVERSION = YES_AGGRESSIVE;
				CLANG_CXX_LANGUAGE_STANDARD = "gnu++14";
				CLANG_CXX_LIBRARY = "libc++";
				CLANG_ENABLE_MODULES = YES;
				CLANG_ENABLE_OBJC_ARC = YES;
				CLANG_ENABLE_OBJC_WEAK = YES;
				CLANG_WARN_BLOCK_CAPTURE_AUTORELEASING = YES;
				CLANG_WARN_BOOL_CONVERSION = YES;
				CLANG_WARN_COMMA = YES;
				CLANG_WARN_CONSTANT_CONVERSION = YES;
				CLANG_WARN_DEPRECATED_OBJC_IMPLEMENTATIONS = YES;
				CLANG_WARN_DIRECT_OBJC_ISA_USAGE = YES_ERROR;
				CLANG_WARN_DOCUMENTATION_COMMENTS = YES;
				CLANG_WARN_EMPTY_BODY = YES;
				CLANG_WARN_ENUM_CONVERSION = YES;
				CLANG_WARN_INFINITE_RECURSION = YES;
				CLANG_WARN_INT_CONVERSION = YES;
				CLANG_WARN_NON_LITERAL_NULL_CONVERSION = YES;
				CLANG_WARN_OBJC_IMPLICIT_RETAIN_SELF = YES;
				CLANG_WARN_OBJC_LITERAL_CONVERSION = YES;
				CLANG_WARN_OBJC_ROOT_CLASS = YES_ERROR;
				CLANG_WARN_RANGE_LOOP_ANALYSIS = YES;
				CLANG_WARN_STRICT_PROTOTYPES = YES;
				CLANG_WARN_SUSPICIOUS_MOVE = YES;
				CLANG_WARN_UNGUARDED_AVAILABILITY = YES_AGGRESSIVE;
				CLANG_WARN_UNREACHABLE_CODE = YES;
				CLANG_WARN__DUPLICATE_METHOD_MATCH = YES;
				COPY_PHASE_STRIP = NO;
				DEBUG_INFORMATION_FORMAT = "dwarf-with-dsym";
				ENABLE_NS_ASSERTIONS = NO;
				ENABLE_STRICT_OBJC_MSGSEND = YES;
				GCC_C_LANGUAGE_STANDARD = gnu11;
				GCC_NO_COMMON_BLOCKS = YES;
				GCC_WARN_64_TO_32_BIT_CONVERSION = YES;
				GCC_WARN_ABOUT_RETURN_TYPE = YES_ERROR;
				GCC_WARN_UNDECLARED_SELECTOR = YES;
				GCC_WARN_UNINITIALIZED_AUTOS = YES_AGGRESSIVE;
				GCC_WARN_UNUSED_FUNCTION = YES;
				GCC_WARN_UNUSED_VARIABLE = YES;
				IPHONEOS_DEPLOYMENT_TARGET = 13.0;
				MTL_ENABLE_DEBUG_INFO = NO;
				MTL_FAST_MATH = YES;
				SDKROOT = iphoneos;
				SWIFT_COMPILATION_MODE = wholemodule;
				SWIFT_OPTIMIZATION_LEVEL = "-O";
				VALIDATE_PRODUCT = YES;
			};
			name = Release;
		};
		1829CFC524C053B0001295C4 /* Debug */ = {
			isa = XCBuildConfiguration;
			buildSettings = {
				ASSETCATALOG_COMPILER_APPICON_NAME = AppIcon;
				CODE_SIGN_STYLE = Automatic;
				DEVELOPMENT_TEAM = MW54UJ5W7Y;
				INFOPLIST_FILE = NewsApp/Info.plist;
				LD_RUNPATH_SEARCH_PATHS = (
					"$(inherited)",
					"@executable_path/Frameworks",
				);
				PRODUCT_BUNDLE_IDENTIFIER = somfish.NewsApp;
				PRODUCT_NAME = "Covid News";
				SWIFT_VERSION = 5.0;
				TARGETED_DEVICE_FAMILY = 1;
			};
			name = Debug;
		};
		1829CFC624C053B0001295C4 /* Release */ = {
			isa = XCBuildConfiguration;
			buildSettings = {
				ASSETCATALOG_COMPILER_APPICON_NAME = AppIcon;
				CODE_SIGN_STYLE = Automatic;
				DEVELOPMENT_TEAM = MW54UJ5W7Y;
				INFOPLIST_FILE = NewsApp/Info.plist;
				LD_RUNPATH_SEARCH_PATHS = (
					"$(inherited)",
					"@executable_path/Frameworks",
				);
				PRODUCT_BUNDLE_IDENTIFIER = somfish.NewsApp;
				PRODUCT_NAME = "Covid News";
				SWIFT_VERSION = 5.0;
				TARGETED_DEVICE_FAMILY = 1;
			};
			name = Release;
		};
/* End XCBuildConfiguration section */

/* Begin XCConfigurationList section */
		1829CFAB24C053AC001295C4 /* Build configuration list for PBXProject "NewsApp" */ = {
			isa = XCConfigurationList;
			buildConfigurations = (
				1829CFC224C053B0001295C4 /* Debug */,
				1829CFC324C053B0001295C4 /* Release */,
			);
			defaultConfigurationIsVisible = 0;
			defaultConfigurationName = Release;
		};
		1829CFC424C053B0001295C4 /* Build configuration list for PBXNativeTarget "NewsApp" */ = {
			isa = XCConfigurationList;
			buildConfigurations = (
				1829CFC524C053B0001295C4 /* Debug */,
				1829CFC624C053B0001295C4 /* Release */,
			);
			defaultConfigurationIsVisible = 0;
			defaultConfigurationName = Release;
		};
/* End XCConfigurationList section */
	};
	rootObject = 1829CFA824C053AC001295C4 /* Project object */;
}
